
Microsoft Visual Studio Solution File, Format Version 12.00
# Visual Studio Version 16
VisualStudioVersion = 16.0.31321.278
MinimumVisualStudioVersion = 10.0.40219.1
Project("{FAE04EC0-301F-11D3-BF4B-00C04F79EFBC}") = "tentti", "tentti\tentti.csproj", "{44925DDF-C6E9-4737-94D6-3DF00067A27D}"
EndProject
Global
	GlobalSection(SolutionConfigurationPlatforms) = preSolution
		Debug|Any CPU = Debug|Any CPU
		Release|Any CPU = Release|Any CPU
	EndGlobalSection
	GlobalSection(ProjectConfigurationPlatforms) = postSolution
		{44925DDF-C6E9-4737-94D6-3DF00067A27D}.Debug|Any CPU.ActiveCfg = Debug|Any CPU
		{44925DDF-C6E9-4737-94D6-3DF00067A27D}.Debug|Any CPU.Build.0 = Debug|Any CPU
		{44925DDF-C6E9-4737-94D6-3DF00067A27D}.Release|Any CPU.ActiveCfg = Release|Any CPU
		{44925DDF-C6E9-4737-94D6-3DF00067A27D}.Release|Any CPU.Build.0 = Release|Any CPU
	EndGlobalSection
	GlobalSection(SolutionProperties) = preSolution
		HideSolutionNode = FALSE
	EndGlobalSection
	GlobalSection(ExtensibilityGlobals) = postSolution
		SolutionGuid = {C9669B19-26BD-417B-9A83-D7BF1310E957}
	EndGlobalSection
EndGlobal
