
Microsoft Visual Studio Solution File, Format Version 12.00
# Visual Studio Version 16
VisualStudioVersion = 16.0.31321.278
MinimumVisualStudioVersion = 10.0.40219.1
Project("{FAE04EC0-301F-11D3-BF4B-00C04F79EFBC}") = "teema6", "teema6\teema6.csproj", "{7AA73120-142C-4C05-8540-2C56F98F55FA}"
EndProject
Project("{FAE04EC0-301F-11D3-BF4B-00C04F79EFBC}") = "teema6-1", "..\..\teema6-1\teema6-1\teema6-1\teema6-1.csproj", "{21B1B85D-8C19-4151-AFBE-325D16190438}"
EndProject
Global
	GlobalSection(SolutionConfigurationPlatforms) = preSolution
		Debug|Any CPU = Debug|Any CPU
		Release|Any CPU = Release|Any CPU
	EndGlobalSection
	GlobalSection(ProjectConfigurationPlatforms) = postSolution
		{7AA73120-142C-4C05-8540-2C56F98F55FA}.Debug|Any CPU.ActiveCfg = Debug|Any CPU
		{7AA73120-142C-4C05-8540-2C56F98F55FA}.Debug|Any CPU.Build.0 = Debug|Any CPU
		{7AA73120-142C-4C05-8540-2C56F98F55FA}.Release|Any CPU.ActiveCfg = Release|Any CPU
		{7AA73120-142C-4C05-8540-2C56F98F55FA}.Release|Any CPU.Build.0 = Release|Any CPU
		{21B1B85D-8C19-4151-AFBE-325D16190438}.Debug|Any CPU.ActiveCfg = Debug|Any CPU
		{21B1B85D-8C19-4151-AFBE-325D16190438}.Debug|Any CPU.Build.0 = Debug|Any CPU
		{21B1B85D-8C19-4151-AFBE-325D16190438}.Release|Any CPU.ActiveCfg = Release|Any CPU
		{21B1B85D-8C19-4151-AFBE-325D16190438}.Release|Any CPU.Build.0 = Release|Any CPU
	EndGlobalSection
	GlobalSection(SolutionProperties) = preSolution
		HideSolutionNode = FALSE
	EndGlobalSection
	GlobalSection(ExtensibilityGlobals) = postSolution
		SolutionGuid = {67B0D698-3F93-4A2E-9E4A-45FFECA47D27}
	EndGlobalSection
EndGlobal
