
Microsoft Visual Studio Solution File, Format Version 12.00
# Visual Studio Version 16
VisualStudioVersion = 16.0.31321.278
MinimumVisualStudioVersion = 10.0.40219.1
Project("{FAE04EC0-301F-11D3-BF4B-00C04F79EFBC}") = "janne_lammela_kt1_4", "janne_lammela_kt1_4\janne_lammela_kt1_4.csproj", "{410B4C35-15CC-42CD-8226-8578DD922A4E}"
EndProject
Global
	GlobalSection(SolutionConfigurationPlatforms) = preSolution
		Debug|Any CPU = Debug|Any CPU
		Release|Any CPU = Release|Any CPU
	EndGlobalSection
	GlobalSection(ProjectConfigurationPlatforms) = postSolution
		{410B4C35-15CC-42CD-8226-8578DD922A4E}.Debug|Any CPU.ActiveCfg = Debug|Any CPU
		{410B4C35-15CC-42CD-8226-8578DD922A4E}.Debug|Any CPU.Build.0 = Debug|Any CPU
		{410B4C35-15CC-42CD-8226-8578DD922A4E}.Release|Any CPU.ActiveCfg = Release|Any CPU
		{410B4C35-15CC-42CD-8226-8578DD922A4E}.Release|Any CPU.Build.0 = Release|Any CPU
	EndGlobalSection
	GlobalSection(SolutionProperties) = preSolution
		HideSolutionNode = FALSE
	EndGlobalSection
	GlobalSection(ExtensibilityGlobals) = postSolution
		SolutionGuid = {A74E069E-CB9E-451B-B5BF-F5B7111B1B06}
	EndGlobalSection
EndGlobal
